
Microsoft Visual Studio Solution File, Format Version 12.00
# Visual Studio Version 16
VisualStudioVersion = 16.0.29911.84
MinimumVisualStudioVersion = 10.0.40219.1
Project("{FAE04EC0-301F-11D3-BF4B-00C04F79EFBC}") = "Hogent GPS Project - Tool 3", "Hogent GPS Project - Tool 3\Hogent GPS Project - Tool 3.csproj", "{29950824-BBA1-48B3-8735-0DF14B100EF0}"
EndProject
Global
	GlobalSection(SolutionConfigurationPlatforms) = preSolution
		Debug|Any CPU = Debug|Any CPU
		Release|Any CPU = Release|Any CPU
	EndGlobalSection
	GlobalSection(ProjectConfigurationPlatforms) = postSolution
		{29950824-BBA1-48B3-8735-0DF14B100EF0}.Debug|Any CPU.ActiveCfg = Debug|Any CPU
		{29950824-BBA1-48B3-8735-0DF14B100EF0}.Debug|Any CPU.Build.0 = Debug|Any CPU
		{29950824-BBA1-48B3-8735-0DF14B100EF0}.Release|Any CPU.ActiveCfg = Release|Any CPU
		{29950824-BBA1-48B3-8735-0DF14B100EF0}.Release|Any CPU.Build.0 = Release|Any CPU
	EndGlobalSection
	GlobalSection(SolutionProperties) = preSolution
		HideSolutionNode = FALSE
	EndGlobalSection
	GlobalSection(ExtensibilityGlobals) = postSolution
		SolutionGuid = {79F0AC68-5B72-4010-8A0F-4C3E771EC29B}
	EndGlobalSection
EndGlobal
